// !$*UTF8*$!
{
	archiveVersion = 1;
	classes = {
	};
	objectVersion = 50;
	objects = {

/* Begin PBXBuildFile section */
		BA2A35A2225A5A610032DEFF /* ResortStayDetailViewModelTests.swift in Sources */ = {isa = PBXBuildFile; fileRef = BA2A35A1225A5A610032DEFF /* ResortStayDetailViewModelTests.swift */; };
		BA2A35A4225A5B000032DEFF /* ResortStayDetailViewModel.swift in Sources */ = {isa = PBXBuildFile; fileRef = BA2A35A3225A5B000032DEFF /* ResortStayDetailViewModel.swift */; };
		BA5C9C9B222C730C004CE648 /* AppDelegate.swift in Sources */ = {isa = PBXBuildFile; fileRef = BA5C9C9A222C730C004CE648 /* AppDelegate.swift */; };
		BA5C9CA2222C730E004CE648 /* Assets.xcassets in Resources */ = {isa = PBXBuildFile; fileRef = BA5C9CA1222C730E004CE648 /* Assets.xcassets */; };
		BA5C9CA5222C730E004CE648 /* LaunchScreen.storyboard in Resources */ = {isa = PBXBuildFile; fileRef = BA5C9CA3222C730E004CE648 /* LaunchScreen.storyboard */; };
		BA5C9CC9222C73E6004CE648 /* ResortStayTests.swift in Sources */ = {isa = PBXBuildFile; fileRef = BA5C9CC8222C73E6004CE648 /* ResortStayTests.swift */; };
		BA5C9CCB222C7450004CE648 /* ResortStay.swift in Sources */ = {isa = PBXBuildFile; fileRef = BA5C9CCA222C7450004CE648 /* ResortStay.swift */; };
		BA8A0F0622543F5D0012F204 /* ResortStays.storyboard in Resources */ = {isa = PBXBuildFile; fileRef = BA8A0F0522543F5D0012F204 /* ResortStays.storyboard */; };
		BA8A0F08225444A40012F204 /* ResortStaysViewController.swift in Sources */ = {isa = PBXBuildFile; fileRef = BA8A0F07225444A40012F204 /* ResortStaysViewController.swift */; };
		BA8A0F0A225447B10012F204 /* ResortStayAddViewController.swift in Sources */ = {isa = PBXBuildFile; fileRef = BA8A0F09225447B10012F204 /* ResortStayAddViewController.swift */; };
		BA8A0F0C225447CF0012F204 /* ResortStayDetailViewController.swift in Sources */ = {isa = PBXBuildFile; fileRef = BA8A0F0B225447CF0012F204 /* ResortStayDetailViewController.swift */; };
		BA980FC1225D732300C6219C /* ResortStayDetailViewControllerTests.swift in Sources */ = {isa = PBXBuildFile; fileRef = BA980FC0225D732300C6219C /* ResortStayDetailViewControllerTests.swift */; };
/* End PBXBuildFile section */

/* Begin PBXContainerItemProxy section */
		BA5C9CAC222C730E004CE648 /* PBXContainerItemProxy */ = {
			isa = PBXContainerItemProxy;
			containerPortal = BA5C9C8F222C730C004CE648 /* Project object */;
			proxyType = 1;
			remoteGlobalIDString = BA5C9C96222C730C004CE648;
			remoteInfo = VacationPal;
		};
/* End PBXContainerItemProxy section */

/* Begin PBXFileReference section */
		BA2A35A1225A5A610032DEFF /* ResortStayDetailViewModelTests.swift */ = {isa = PBXFileReference; lastKnownFileType = sourcecode.swift; path = ResortStayDetailViewModelTests.swift; sourceTree = "<group>"; };
		BA2A35A3225A5B000032DEFF /* ResortStayDetailViewModel.swift */ = {isa = PBXFileReference; lastKnownFileType = sourcecode.swift; path = ResortStayDetailViewModel.swift; sourceTree = "<group>"; };
		BA5C9C97222C730C004CE648 /* VacationPal.app */ = {isa = PBXFileReference; explicitFileType = wrapper.application; includeInIndex = 0; path = VacationPal.app; sourceTree = BUILT_PRODUCTS_DIR; };
		BA5C9C9A222C730C004CE648 /* AppDelegate.swift */ = {isa = PBXFileReference; lastKnownFileType = sourcecode.swift; path = AppDelegate.swift; sourceTree = "<group>"; };
		BA5C9CA1222C730E004CE648 /* Assets.xcassets */ = {isa = PBXFileReference; lastKnownFileType = folder.assetcatalog; path = Assets.xcassets; sourceTree = "<group>"; };
		BA5C9CA4222C730E004CE648 /* Base */ = {isa = PBXFileReference; lastKnownFileType = file.storyboard; name = Base; path = Base.lproj/LaunchScreen.storyboard; sourceTree = "<group>"; };
		BA5C9CA6222C730E004CE648 /* Info.plist */ = {isa = PBXFileReference; lastKnownFileType = text.plist.xml; path = Info.plist; sourceTree = "<group>"; };
		BA5C9CAB222C730E004CE648 /* VacationPalTests.xctest */ = {isa = PBXFileReference; explicitFileType = wrapper.cfbundle; includeInIndex = 0; path = VacationPalTests.xctest; sourceTree = BUILT_PRODUCTS_DIR; };
		BA5C9CB1222C730E004CE648 /* Info.plist */ = {isa = PBXFileReference; lastKnownFileType = text.plist.xml; path = Info.plist; sourceTree = "<group>"; };
		BA5C9CBC222C730E004CE648 /* Info.plist */ = {isa = PBXFileReference; lastKnownFileType = text.plist.xml; path = Info.plist; sourceTree = "<group>"; };
		BA5C9CC8222C73E6004CE648 /* ResortStayTests.swift */ = {isa = PBXFileReference; lastKnownFileType = sourcecode.swift; path = ResortStayTests.swift; sourceTree = "<group>"; };
		BA5C9CCA222C7450004CE648 /* ResortStay.swift */ = {isa = PBXFileReference; lastKnownFileType = sourcecode.swift; path = ResortStay.swift; sourceTree = "<group>"; };
		BA8A0F0522543F5D0012F204 /* ResortStays.storyboard */ = {isa = PBXFileReference; lastKnownFileType = file.storyboard; path = ResortStays.storyboard; sourceTree = "<group>"; };
		BA8A0F07225444A40012F204 /* ResortStaysViewController.swift */ = {isa = PBXFileReference; lastKnownFileType = sourcecode.swift; path = ResortStaysViewController.swift; sourceTree = "<group>"; };
		BA8A0F09225447B10012F204 /* ResortStayAddViewController.swift */ = {isa = PBXFileReference; lastKnownFileType = sourcecode.swift; path = ResortStayAddViewController.swift; sourceTree = "<group>"; };
		BA8A0F0B225447CF0012F204 /* ResortStayDetailViewController.swift */ = {isa = PBXFileReference; lastKnownFileType = sourcecode.swift; path = ResortStayDetailViewController.swift; sourceTree = "<group>"; };
		BA980FC0225D732300C6219C /* ResortStayDetailViewControllerTests.swift */ = {isa = PBXFileReference; lastKnownFileType = sourcecode.swift; path = ResortStayDetailViewControllerTests.swift; sourceTree = "<group>"; };
/* End PBXFileReference section */

/* Begin PBXFrameworksBuildPhase section */
		BA5C9C94222C730C004CE648 /* Frameworks */ = {
			isa = PBXFrameworksBuildPhase;
			buildActionMask = 2147483647;
			files = (
			);
			runOnlyForDeploymentPostprocessing = 0;
		};
		BA5C9CA8222C730E004CE648 /* Frameworks */ = {
			isa = PBXFrameworksBuildPhase;
			buildActionMask = 2147483647;
			files = (
			);
			runOnlyForDeploymentPostprocessing = 0;
		};
/* End PBXFrameworksBuildPhase section */

/* Begin PBXGroup section */
		BA5C9C8E222C730C004CE648 = {
			isa = PBXGroup;
			children = (
				BA5C9C99222C730C004CE648 /* VacationPal */,
				BA5C9CAE222C730E004CE648 /* VacationPalTests */,
				BA5C9CB9222C730E004CE648 /* VacationPalUITests */,
				BA5C9C98222C730C004CE648 /* Products */,
			);
			sourceTree = "<group>";
		};
		BA5C9C98222C730C004CE648 /* Products */ = {
			isa = PBXGroup;
			children = (
				BA5C9C97222C730C004CE648 /* VacationPal.app */,
				BA5C9CAB222C730E004CE648 /* VacationPalTests.xctest */,
			);
			name = Products;
			sourceTree = "<group>";
		};
		BA5C9C99222C730C004CE648 /* VacationPal */ = {
			isa = PBXGroup;
			children = (
				BA5C9C9A222C730C004CE648 /* AppDelegate.swift */,
				BA5C9CCA222C7450004CE648 /* ResortStay.swift */,
				BA8A0F07225444A40012F204 /* ResortStaysViewController.swift */,
				BA8A0F09225447B10012F204 /* ResortStayAddViewController.swift */,
				BA8A0F0B225447CF0012F204 /* ResortStayDetailViewController.swift */,
				BA2A35A3225A5B000032DEFF /* ResortStayDetailViewModel.swift */,
				BA8A0F0522543F5D0012F204 /* ResortStays.storyboard */,
				BA5C9CA1222C730E004CE648 /* Assets.xcassets */,
				BA5C9CA3222C730E004CE648 /* LaunchScreen.storyboard */,
				BA5C9CA6222C730E004CE648 /* Info.plist */,
			);
			path = VacationPal;
			sourceTree = "<group>";
		};
		BA5C9CAE222C730E004CE648 /* VacationPalTests */ = {
			isa = PBXGroup;
			children = (
				BA5C9CC8222C73E6004CE648 /* ResortStayTests.swift */,
				BA2A35A1225A5A610032DEFF /* ResortStayDetailViewModelTests.swift */,
				BA980FC0225D732300C6219C /* ResortStayDetailViewControllerTests.swift */,
				BA5C9CB1222C730E004CE648 /* Info.plist */,
			);
			path = VacationPalTests;
			sourceTree = "<group>";
		};
		BA5C9CB9222C730E004CE648 /* VacationPalUITests */ = {
			isa = PBXGroup;
			children = (
				BA5C9CBC222C730E004CE648 /* Info.plist */,
			);
			path = VacationPalUITests;
			sourceTree = "<group>";
		};
/* End PBXGroup section */

/* Begin PBXNativeTarget section */
		BA5C9C96222C730C004CE648 /* VacationPal */ = {
			isa = PBXNativeTarget;
			buildConfigurationList = BA5C9CBF222C730E004CE648 /* Build configuration list for PBXNativeTarget "VacationPal" */;
			buildPhases = (
				BA5C9C93222C730C004CE648 /* Sources */,
				BA5C9C94222C730C004CE648 /* Frameworks */,
				BA5C9C95222C730C004CE648 /* Resources */,
			);
			buildRules = (
			);
			dependencies = (
			);
			name = VacationPal;
			productName = VacationPal;
			productReference = BA5C9C97222C730C004CE648 /* VacationPal.app */;
			productType = "com.apple.product-type.application";
		};
		BA5C9CAA222C730E004CE648 /* VacationPalTests */ = {
			isa = PBXNativeTarget;
			buildConfigurationList = BA5C9CC2222C730E004CE648 /* Build configuration list for PBXNativeTarget "VacationPalTests" */;
			buildPhases = (
				BA5C9CA7222C730E004CE648 /* Sources */,
				BA5C9CA8222C730E004CE648 /* Frameworks */,
				BA5C9CA9222C730E004CE648 /* Resources */,
			);
			buildRules = (
			);
			dependencies = (
				BA5C9CAD222C730E004CE648 /* PBXTargetDependency */,
			);
			name = VacationPalTests;
			productName = VacationPalTests;
			productReference = BA5C9CAB222C730E004CE648 /* VacationPalTests.xctest */;
			productType = "com.apple.product-type.bundle.unit-test";
		};
/* End PBXNativeTarget section */

/* Begin PBXProject section */
		BA5C9C8F222C730C004CE648 /* Project object */ = {
			isa = PBXProject;
			attributes = {
				LastSwiftUpdateCheck = 1010;
				LastUpgradeCheck = 1010;
				ORGANIZATIONNAME = "Stephen Nary";
				TargetAttributes = {
					BA5C9C96222C730C004CE648 = {
						CreatedOnToolsVersion = 10.1;
						LastSwiftMigration = 1020;
					};
					BA5C9CAA222C730E004CE648 = {
						CreatedOnToolsVersion = 10.1;
						LastSwiftMigration = 1020;
						TestTargetID = BA5C9C96222C730C004CE648;
					};
				};
			};
			buildConfigurationList = BA5C9C92222C730C004CE648 /* Build configuration list for PBXProject "VacationPal" */;
			compatibilityVersion = "Xcode 9.3";
			developmentRegion = en;
			hasScannedForEncodings = 0;
			knownRegions = (
				en,
				Base,
			);
			mainGroup = BA5C9C8E222C730C004CE648;
			productRefGroup = BA5C9C98222C730C004CE648 /* Products */;
			projectDirPath = "";
			projectRoot = "";
			targets = (
				BA5C9C96222C730C004CE648 /* VacationPal */,
				BA5C9CAA222C730E004CE648 /* VacationPalTests */,
			);
		};
/* End PBXProject section */

/* Begin PBXResourcesBuildPhase section */
		BA5C9C95222C730C004CE648 /* Resources */ = {
			isa = PBXResourcesBuildPhase;
			buildActionMask = 2147483647;
			files = (
				BA8A0F0622543F5D0012F204 /* ResortStays.storyboard in Resources */,
				BA5C9CA5222C730E004CE648 /* LaunchScreen.storyboard in Resources */,
				BA5C9CA2222C730E004CE648 /* Assets.xcassets in Resources */,
			);
			runOnlyForDeploymentPostprocessing = 0;
		};
		BA5C9CA9222C730E004CE648 /* Resources */ = {
			isa = PBXResourcesBuildPhase;
			buildActionMask = 2147483647;
			files = (
			);
			runOnlyForDeploymentPostprocessing = 0;
		};
/* End PBXResourcesBuildPhase section */

/* Begin PBXSourcesBuildPhase section */
		BA5C9C93222C730C004CE648 /* Sources */ = {
			isa = PBXSourcesBuildPhase;
			buildActionMask = 2147483647;
			files = (
				BA8A0F0A225447B10012F204 /* ResortStayAddViewController.swift in Sources */,
				BA8A0F08225444A40012F204 /* ResortStaysViewController.swift in Sources */,
				BA5C9C9B222C730C004CE648 /* AppDelegate.swift in Sources */,
				BA5C9CCB222C7450004CE648 /* ResortStay.swift in Sources */,
				BA8A0F0C225447CF0012F204 /* ResortStayDetailViewController.swift in Sources */,
				BA2A35A4225A5B000032DEFF /* ResortStayDetailViewModel.swift in Sources */,
			);
			runOnlyForDeploymentPostprocessing = 0;
		};
		BA5C9CA7222C730E004CE648 /* Sources */ = {
			isa = PBXSourcesBuildPhase;
			buildActionMask = 2147483647;
			files = (
				BA980FC1225D732300C6219C /* ResortStayDetailViewControllerTests.swift in Sources */,
				BA2A35A2225A5A610032DEFF /* ResortStayDetailViewModelTests.swift in Sources */,
				BA5C9CC9222C73E6004CE648 /* ResortStayTests.swift in Sources */,
			);
			runOnlyForDeploymentPostprocessing = 0;
		};
/* End PBXSourcesBuildPhase section */

/* Begin PBXTargetDependency section */
		BA5C9CAD222C730E004CE648 /* PBXTargetDependency */ = {
			isa = PBXTargetDependency;
			target = BA5C9C96222C730C004CE648 /* VacationPal */;
			targetProxy = BA5C9CAC222C730E004CE648 /* PBXContainerItemProxy */;
		};
/* End PBXTargetDependency section */

/* Begin PBXVariantGroup section */
		BA5C9CA3222C730E004CE648 /* LaunchScreen.storyboard */ = {
			isa = PBXVariantGroup;
			children = (
				BA5C9CA4222C730E004CE648 /* Base */,
			);
			name = LaunchScreen.storyboard;
			sourceTree = "<group>";
		};
/* End PBXVariantGroup section */

/* Begin XCBuildConfiguration section */
		BA5C9CBD222C730E004CE648 /* Debug */ = {
			isa = XCBuildConfiguration;
			buildSettings = {
				ALWAYS_SEARCH_USER_PATHS = NO;
				CLANG_ANALYZER_NONNULL = YES;
				CLANG_ANALYZER_NUMBER_OBJECT_CONVERSION = YES_AGGRESSIVE;
				CLANG_CXX_LANGUAGE_STANDARD = "gnu++14";
				CLANG_CXX_LIBRARY = "libc++";
				CLANG_ENABLE_MODULES = YES;
				CLANG_ENABLE_OBJC_ARC = YES;
				CLANG_ENABLE_OBJC_WEAK = YES;
				CLANG_WARN_BLOCK_CAPTURE_AUTORELEASING = YES;
				CLANG_WARN_BOOL_CONVERSION = YES;
				CLANG_WARN_COMMA = YES;
				CLANG_WARN_CONSTANT_CONVERSION = YES;
				CLANG_WARN_DEPRECATED_OBJC_IMPLEMENTATIONS = YES;
				CLANG_WARN_DIRECT_OBJC_ISA_USAGE = YES_ERROR;
				CLANG_WARN_DOCUMENTATION_COMMENTS = YES;
				CLANG_WARN_EMPTY_BODY = YES;
				CLANG_WARN_ENUM_CONVERSION = YES;
				CLANG_WARN_INFINITE_RECURSION = YES;
				CLANG_WARN_INT_CONVERSION = YES;
				CLANG_WARN_NON_LITERAL_NULL_CONVERSION = YES;
				CLANG_WARN_OBJC_IMPLICIT_RETAIN_SELF = YES;
				CLANG_WARN_OBJC_LITERAL_CONVERSION = YES;
				CLANG_WARN_OBJC_ROOT_CLASS = YES_ERROR;
				CLANG_WARN_RANGE_LOOP_ANALYSIS = YES;
				CLANG_WARN_STRICT_PROTOTYPES = YES;
				CLANG_WARN_SUSPICIOUS_MOVE = YES;
				CLANG_WARN_UNGUARDED_AVAILABILITY = YES_AGGRESSIVE;
				CLANG_WARN_UNREACHABLE_CODE = YES;
				CLANG_WARN__DUPLICATE_METHOD_MATCH = YES;
				CODE_SIGN_IDENTITY = "iPhone Developer";
				COPY_PHASE_STRIP = NO;
				DEBUG_INFORMATION_FORMAT = dwarf;
				ENABLE_STRICT_OBJC_MSGSEND = YES;
				ENABLE_TESTABILITY = YES;
				GCC_C_LANGUAGE_STANDARD = gnu11;
				GCC_DYNAMIC_NO_PIC = NO;
				GCC_NO_COMMON_BLOCKS = YES;
				GCC_OPTIMIZATION_LEVEL = 0;
				GCC_PREPROCESSOR_DEFINITIONS = (
					"DEBUG=1",
					"$(inherited)",
				);
				GCC_WARN_64_TO_32_BIT_CONVERSION = YES;
				GCC_WARN_ABOUT_RETURN_TYPE = YES_ERROR;
				GCC_WARN_UNDECLARED_SELECTOR = YES;
				GCC_WARN_UNINITIALIZED_AUTOS = YES_AGGRESSIVE;
				GCC_WARN_UNUSED_FUNCTION = YES;
				GCC_WARN_UNUSED_VARIABLE = YES;
				IPHONEOS_DEPLOYMENT_TARGET = 12.1;
				MTL_ENABLE_DEBUG_INFO = INCLUDE_SOURCE;
				MTL_FAST_MATH = YES;
				ONLY_ACTIVE_ARCH = YES;
				SDKROOT = iphoneos;
				SWIFT_ACTIVE_COMPILATION_CONDITIONS = DEBUG;
				SWIFT_OPTIMIZATION_LEVEL = "-Onone";
			};
			name = Debug;
		};
		BA5C9CBE222C730E004CE648 /* Release */ = {
			isa = XCBuildConfiguration;
			buildSettings = {
				ALWAYS_SEARCH_USER_PATHS = NO;
				CLANG_ANALYZER_NONNULL = YES;
				CLANG_ANALYZER_NUMBER_OBJECT_CONVERSION = YES_AGGRESSIVE;
				CLANG_CXX_LANGUAGE_STANDARD = "gnu++14";
				CLANG_CXX_LIBRARY = "libc++";
				CLANG_ENABLE_MODULES = YES;
				CLANG_ENABLE_OBJC_ARC = YES;
				CLANG_ENABLE_OBJC_WEAK = YES;
				CLANG_WARN_BLOCK_CAPTURE_AUTORELEASING = YES;
				CLANG_WARN_BOOL_CONVERSION = YES;
				CLANG_WARN_COMMA = YES;
				CLANG_WARN_CONSTANT_CONVERSION = YES;
				CLANG_WARN_DEPRECATED_OBJC_IMPLEMENTATIONS = YES;
				CLANG_WARN_DIRECT_OBJC_ISA_USAGE = YES_ERROR;
				CLANG_WARN_DOCUMENTATION_COMMENTS = YES;
				CLANG_WARN_EMPTY_BODY = YES;
				CLANG_WARN_ENUM_CONVERSION = YES;
				CLANG_WARN_INFINITE_RECURSION = YES;
				CLANG_WARN_INT_CONVERSION = YES;
				CLANG_WARN_NON_LITERAL_NULL_CONVERSION = YES;
				CLANG_WARN_OBJC_IMPLICIT_RETAIN_SELF = YES;
				CLANG_WARN_OBJC_LITERAL_CONVERSION = YES;
				CLANG_WARN_OBJC_ROOT_CLASS = YES_ERROR;
				CLANG_WARN_RANGE_LOOP_ANALYSIS = YES;
				CLANG_WARN_STRICT_PROTOTYPES = YES;
				CLANG_WARN_SUSPICIOUS_MOVE = YES;
				CLANG_WARN_UNGUARDED_AVAILABILITY = YES_AGGRESSIVE;
				CLANG_WARN_UNREACHABLE_CODE = YES;
				CLANG_WARN__DUPLICATE_METHOD_MATCH = YES;
				CODE_SIGN_IDENTITY = "iPhone Developer";
				COPY_PHASE_STRIP = NO;
				DEBUG_INFORMATION_FORMAT = "dwarf-with-dsym";
				ENABLE_NS_ASSERTIONS = NO;
				ENABLE_STRICT_OBJC_MSGSEND = YES;
				GCC_C_LANGUAGE_STANDARD = gnu11;
				GCC_NO_COMMON_BLOCKS = YES;
				GCC_WARN_64_TO_32_BIT_CONVERSION = YES;
				GCC_WARN_ABOUT_RETURN_TYPE = YES_ERROR;
				GCC_WARN_UNDECLARED_SELECTOR = YES;
				GCC_WARN_UNINITIALIZED_AUTOS = YES_AGGRESSIVE;
				GCC_WARN_UNUSED_FUNCTION = YES;
				GCC_WARN_UNUSED_VARIABLE = YES;
				IPHONEOS_DEPLOYMENT_TARGET = 12.1;
				MTL_ENABLE_DEBUG_INFO = NO;
				MTL_FAST_MATH = YES;
				SDKROOT = iphoneos;
				SWIFT_COMPILATION_MODE = wholemodule;
				SWIFT_OPTIMIZATION_LEVEL = "-O";
				VALIDATE_PRODUCT = YES;
			};
			name = Release;
		};
		BA5C9CC0222C730E004CE648 /* Debug */ = {
			isa = XCBuildConfiguration;
			buildSettings = {
				ASSETCATALOG_COMPILER_APPICON_NAME = AppIcon;
				CODE_SIGN_STYLE = Automatic;
				DEVELOPMENT_TEAM = JHCNH68BKK;
				INFOPLIST_FILE = VacationPal/Info.plist;
				LD_RUNPATH_SEARCH_PATHS = (
					"$(inherited)",
					"@executable_path/Frameworks",
				);
				PRODUCT_BUNDLE_IDENTIFIER = com.stephenpnary.VacationPal;
				PRODUCT_NAME = "$(TARGET_NAME)";
				SWIFT_VERSION = 5.0;
				TARGETED_DEVICE_FAMILY = "1,2";
			};
			name = Debug;
		};
		BA5C9CC1222C730E004CE648 /* Release */ = {
			isa = XCBuildConfiguration;
			buildSettings = {
				ASSETCATALOG_COMPILER_APPICON_NAME = AppIcon;
				CODE_SIGN_STYLE = Automatic;
				DEVELOPMENT_TEAM = JHCNH68BKK;
				INFOPLIST_FILE = VacationPal/Info.plist;
				LD_RUNPATH_SEARCH_PATHS = (
					"$(inherited)",
					"@executable_path/Frameworks",
				);
				PRODUCT_BUNDLE_IDENTIFIER = com.stephenpnary.VacationPal;
				PRODUCT_NAME = "$(TARGET_NAME)";
				SWIFT_VERSION = 5.0;
				TARGETED_DEVICE_FAMILY = "1,2";
			};
			name = Release;
		};
		BA5C9CC3222C730E004CE648 /* Debug */ = {
			isa = XCBuildConfiguration;
			buildSettings = {
				ALWAYS_EMBED_SWIFT_STANDARD_LIBRARIES = YES;
				BUNDLE_LOADER = "$(TEST_HOST)";
				CODE_SIGN_STYLE = Automatic;
				DEVELOPMENT_TEAM = JHCNH68BKK;
				INFOPLIST_FILE = VacationPalTests/Info.plist;
				LD_RUNPATH_SEARCH_PATHS = (
					"$(inherited)",
					"@executable_path/Frameworks",
					"@loader_path/Frameworks",
				);
				PRODUCT_BUNDLE_IDENTIFIER = com.stephenpnary.VacationPalTests;
				PRODUCT_NAME = "$(TARGET_NAME)";
				SWIFT_VERSION = 5.0;
				TARGETED_DEVICE_FAMILY = "1,2";
				TEST_HOST = "$(BUILT_PRODUCTS_DIR)/VacationPal.app/VacationPal";
			};
			name = Debug;
		};
		BA5C9CC4222C730E004CE648 /* Release */ = {
			isa = XCBuildConfiguration;
			buildSettings = {
				ALWAYS_EMBED_SWIFT_STANDARD_LIBRARIES = YES;
				BUNDLE_LOADER = "$(TEST_HOST)";
				CODE_SIGN_STYLE = Automatic;
				DEVELOPMENT_TEAM = JHCNH68BKK;
				INFOPLIST_FILE = VacationPalTests/Info.plist;
				LD_RUNPATH_SEARCH_PATHS = (
					"$(inherited)",
					"@executable_path/Frameworks",
					"@loader_path/Frameworks",
				);
				PRODUCT_BUNDLE_IDENTIFIER = com.stephenpnary.VacationPalTests;
				PRODUCT_NAME = "$(TARGET_NAME)";
				SWIFT_VERSION = 5.0;
				TARGETED_DEVICE_FAMILY = "1,2";
				TEST_HOST = "$(BUILT_PRODUCTS_DIR)/VacationPal.app/VacationPal";
			};
			name = Release;
		};
/* End XCBuildConfiguration section */

/* Begin XCConfigurationList section */
		BA5C9C92222C730C004CE648 /* Build configuration list for PBXProject "VacationPal" */ = {
			isa = XCConfigurationList;
			buildConfigurations = (
				BA5C9CBD222C730E004CE648 /* Debug */,
				BA5C9CBE222C730E004CE648 /* Release */,
			);
			defaultConfigurationIsVisible = 0;
			defaultConfigurationName = Release;
		};
		BA5C9CBF222C730E004CE648 /* Build configuration list for PBXNativeTarget "VacationPal" */ = {
			isa = XCConfigurationList;
			buildConfigurations = (
				BA5C9CC0222C730E004CE648 /* Debug */,
				BA5C9CC1222C730E004CE648 /* Release */,
			);
			defaultConfigurationIsVisible = 0;
			defaultConfigurationName = Release;
		};
		BA5C9CC2222C730E004CE648 /* Build configuration list for PBXNativeTarget "VacationPalTests" */ = {
			isa = XCConfigurationList;
			buildConfigurations = (
				BA5C9CC3222C730E004CE648 /* Debug */,
				BA5C9CC4222C730E004CE648 /* Release */,
			);
			defaultConfigurationIsVisible = 0;
			defaultConfigurationName = Release;
		};
/* End XCConfigurationList section */
	};
	rootObject = BA5C9C8F222C730C004CE648 /* Project object */;
}
